
Microsoft Visual Studio Solution File, Format Version 12.00
# Visual Studio Version 17
VisualStudioVersion = 17.14.36414.22 d17.14
MinimumVisualStudioVersion = 10.0.40219.1
Project("{FAE04EC0-301F-11D3-BF4B-00C04F79EFBC}") = "it2a-databaze", "it2a-databaze\it2a-databaze.csproj", "{AA8AE85A-DE09-4BCD-887D-1AF1C6453476}"
EndProject
Global
	GlobalSection(SolutionConfigurationPlatforms) = preSolution
		Debug|Any CPU = Debug|Any CPU
		Release|Any CPU = Release|Any CPU
	EndGlobalSection
	GlobalSection(ProjectConfigurationPlatforms) = postSolution
		{AA8AE85A-DE09-4BCD-887D-1AF1C6453476}.Debug|Any CPU.ActiveCfg = Debug|Any CPU
		{AA8AE85A-DE09-4BCD-887D-1AF1C6453476}.Debug|Any CPU.Build.0 = Debug|Any CPU
		{AA8AE85A-DE09-4BCD-887D-1AF1C6453476}.Release|Any CPU.ActiveCfg = Release|Any CPU
		{AA8AE85A-DE09-4BCD-887D-1AF1C6453476}.Release|Any CPU.Build.0 = Release|Any CPU
	EndGlobalSection
	GlobalSection(SolutionProperties) = preSolution
		HideSolutionNode = FALSE
	EndGlobalSection
	GlobalSection(ExtensibilityGlobals) = postSolution
		SolutionGuid = {264AC914-64E2-4885-8633-7342E3C9A453}
	EndGlobalSection
EndGlobal
